
Microsoft Visual Studio Solution File, Format Version 12.00
# Visual Studio 15
VisualStudioVersion = 15.0.27004.2009
MinimumVisualStudioVersion = 10.0.40219.1
Project("{FAE04EC0-301F-11D3-BF4B-00C04F79EFBC}") = "Introducao", "Introducao\Introducao.csproj", "{EEDE8886-ECD6-4BE4-8779-D9F6D3BC8BEB}"
EndProject
Global
	GlobalSection(SolutionConfigurationPlatforms) = preSolution
		Debug|Any CPU = Debug|Any CPU
		Release|Any CPU = Release|Any CPU
	EndGlobalSection
	GlobalSection(ProjectConfigurationPlatforms) = postSolution
		{EEDE8886-ECD6-4BE4-8779-D9F6D3BC8BEB}.Debug|Any CPU.ActiveCfg = Debug|Any CPU
		{EEDE8886-ECD6-4BE4-8779-D9F6D3BC8BEB}.Debug|Any CPU.Build.0 = Debug|Any CPU
		{EEDE8886-ECD6-4BE4-8779-D9F6D3BC8BEB}.Release|Any CPU.ActiveCfg = Release|Any CPU
		{EEDE8886-ECD6-4BE4-8779-D9F6D3BC8BEB}.Release|Any CPU.Build.0 = Release|Any CPU
	EndGlobalSection
	GlobalSection(SolutionProperties) = preSolution
		HideSolutionNode = FALSE
	EndGlobalSection
	GlobalSection(ExtensibilityGlobals) = postSolution
		SolutionGuid = {D796CD09-26E6-433A-836D-BC1777C4499E}
	EndGlobalSection
EndGlobal
